
Microsoft Visual Studio Solution File, Format Version 12.00
# Visual Studio Version 16
VisualStudioVersion = 16.0.29418.71
MinimumVisualStudioVersion = 10.0.40219.1
Project("{8BC9CEB8-8B4A-11D0-8D11-00A0C91BC942}") = "L8Q1", "L8Q1\L8Q1.vcxproj", "{7B6DD772-5EFD-4772-8FDD-29814FF14BF9}"
EndProject
Global
	GlobalSection(SolutionConfigurationPlatforms) = preSolution
		Debug|x64 = Debug|x64
		Debug|x86 = Debug|x86
		Release|x64 = Release|x64
		Release|x86 = Release|x86
	EndGlobalSection
	GlobalSection(ProjectConfigurationPlatforms) = postSolution
		{7B6DD772-5EFD-4772-8FDD-29814FF14BF9}.Debug|x64.ActiveCfg = Debug|x64
		{7B6DD772-5EFD-4772-8FDD-29814FF14BF9}.Debug|x64.Build.0 = Debug|x64
		{7B6DD772-5EFD-4772-8FDD-29814FF14BF9}.Debug|x86.ActiveCfg = Debug|Win32
		{7B6DD772-5EFD-4772-8FDD-29814FF14BF9}.Debug|x86.Build.0 = Debug|Win32
		{7B6DD772-5EFD-4772-8FDD-29814FF14BF9}.Release|x64.ActiveCfg = Release|x64
		{7B6DD772-5EFD-4772-8FDD-29814FF14BF9}.Release|x64.Build.0 = Release|x64
		{7B6DD772-5EFD-4772-8FDD-29814FF14BF9}.Release|x86.ActiveCfg = Release|Win32
		{7B6DD772-5EFD-4772-8FDD-29814FF14BF9}.Release|x86.Build.0 = Release|Win32
	EndGlobalSection
	GlobalSection(SolutionProperties) = preSolution
		HideSolutionNode = FALSE
	EndGlobalSection
	GlobalSection(ExtensibilityGlobals) = postSolution
		SolutionGuid = {C08A6DE1-7FD9-40D9-9D3B-8D6063C9363E}
	EndGlobalSection
EndGlobal
